
Microsoft Visual Studio Solution File, Format Version 12.00
# Visual Studio 2013
Project("{2150E333-8FDC-42A3-9474-1A3956D46DE8}") = "Engine", "Engine", "{2810EB38-3625-4175-AB98-52D2B9F9BC11}"
EndProject
Project("{2150E333-8FDC-42A3-9474-1A3956D46DE8}") = "Games", "Games", "{369FB6DE-4EBD-43F5-A6C4-52D99DDB6F10}"
EndProject
Project("{8BC9CEB8-8B4A-11D0-8D11-00A0C91BC942}") = "SaperPro", "Intermediate\ProjectFiles\SaperPro.vcxproj", "{1F148E00-B85E-4D12-A5D9-BBD8396D2926}"
	ProjectSection(ProjectDependencies) = postProject
	EndProjectSection
EndProject
Project("{8BC9CEB8-8B4A-11D0-8D11-00A0C91BC942}") = "UE4", "Intermediate\ProjectFiles\UE4.vcxproj", "{7863F2A3-FB37-4A18-8498-45B7FBCAE8AA}"
EndProject
Global
	GlobalSection(SolutionConfigurationPlatforms) = preSolution
		DebugGame Editor|Windows = DebugGame Editor|Windows
		DebugGame|Windows = DebugGame|Windows
		Development Editor|Windows = Development Editor|Windows
		Development|Windows = Development|Windows
		Shipping|Windows = Shipping|Windows
	EndGlobalSection
	GlobalSection(ProjectConfigurationPlatforms) = postSolution
		{1F148E00-B85E-4D12-A5D9-BBD8396D2926}.DebugGame Editor|Windows.ActiveCfg = DebugGame_Editor|x64
		{1F148E00-B85E-4D12-A5D9-BBD8396D2926}.DebugGame Editor|Windows.Build.0 = DebugGame_Editor|x64
		{1F148E00-B85E-4D12-A5D9-BBD8396D2926}.DebugGame|Windows.ActiveCfg = DebugGame_Game|x64
		{1F148E00-B85E-4D12-A5D9-BBD8396D2926}.DebugGame|Windows.Build.0 = DebugGame_Game|x64
		{1F148E00-B85E-4D12-A5D9-BBD8396D2926}.Development Editor|Windows.ActiveCfg = Development_Editor|x64
		{1F148E00-B85E-4D12-A5D9-BBD8396D2926}.Development Editor|Windows.Build.0 = Development_Editor|x64
		{1F148E00-B85E-4D12-A5D9-BBD8396D2926}.Development|Windows.ActiveCfg = Development_Game|x64
		{1F148E00-B85E-4D12-A5D9-BBD8396D2926}.Development|Windows.Build.0 = Development_Game|x64
		{1F148E00-B85E-4D12-A5D9-BBD8396D2926}.Shipping|Windows.ActiveCfg = Shipping_Game|Win32
		{1F148E00-B85E-4D12-A5D9-BBD8396D2926}.Shipping|Windows.Build.0 = Shipping_Game|Win32
	EndGlobalSection
	GlobalSection(SolutionProperties) = preSolution
		HideSolutionNode = FALSE
	EndGlobalSection
	GlobalSection(NestedProjects) = preSolution
		{7863F2A3-FB37-4A18-8498-45B7FBCAE8AA} = {2810EB38-3625-4175-AB98-52D2B9F9BC11}
		{1F148E00-B85E-4D12-A5D9-BBD8396D2926} = {369FB6DE-4EBD-43F5-A6C4-52D99DDB6F10}
	EndGlobalSection
EndGlobal
